// !$*UTF8*$!
{
	archiveVersion = 1;
	classes = {
	};
	objectVersion = 52;
	objects = {

/* Begin PBXBuildFile section */
		13B07FBC1A68108700A75B9A /* AppDelegate.m in Sources */ = {isa = PBXBuildFile; fileRef = 13B07FB01A68108700A75B9A /* AppDelegate.m */; };
		13B07FBD1A68108700A75B9A /* LaunchScreen.xib in Resources */ = {isa = PBXBuildFile; fileRef = 13B07FB11A68108700A75B9A /* LaunchScreen.xib */; };
		13B07FBF1A68108700A75B9A /* Images.xcassets in Resources */ = {isa = PBXBuildFile; fileRef = 13B07FB51A68108700A75B9A /* Images.xcassets */; };
		13B07FC11A68108700A75B9A /* main.m in Sources */ = {isa = PBXBuildFile; fileRef = 13B07FB71A68108700A75B9A /* main.m */; };
		76D5549BF4CCC11914F1FFC2 /* Pods_FinalMatchClient.framework in Frameworks */ = {isa = PBXBuildFile; fileRef = CE84B2F7BAC409D15932906D /* Pods_FinalMatchClient.framework */; };
		ADDB614A24163B910034B843 /* GoogleService-Info.plist in Resources */ = {isa = PBXBuildFile; fileRef = ADDB614924163B910034B843 /* GoogleService-Info.plist */; };
		ADDB6151241643240034B843 /* AsynStorage.m in Sources */ = {isa = PBXBuildFile; fileRef = ADDB6150241643240034B843 /* AsynStorage.m */; };
		FA032D00244382A1006F8A99 /* AntDesign.ttf in Sources */ = {isa = PBXBuildFile; fileRef = FA032CF624438272006F8A99 /* AntDesign.ttf */; };
		FA032D01244382A1006F8A99 /* Entypo.ttf in Sources */ = {isa = PBXBuildFile; fileRef = FA032CFD24438273006F8A99 /* Entypo.ttf */; };
		FA032D02244382A1006F8A99 /* EvilIcons.ttf in Sources */ = {isa = PBXBuildFile; fileRef = FA032CEF24438272006F8A99 /* EvilIcons.ttf */; };
		FA032D03244382A1006F8A99 /* Feather.ttf in Sources */ = {isa = PBXBuildFile; fileRef = FA032CFC24438273006F8A99 /* Feather.ttf */; };
		FA032D04244382A1006F8A99 /* FontAwesome.ttf in Sources */ = {isa = PBXBuildFile; fileRef = FA032CF524438272006F8A99 /* FontAwesome.ttf */; };
		FA032D05244382A1006F8A99 /* FontAwesome5_Brands.ttf in Sources */ = {isa = PBXBuildFile; fileRef = FA032CEE24438272006F8A99 /* FontAwesome5_Brands.ttf */; };
		FA032D06244382A1006F8A99 /* FontAwesome5_Regular.ttf in Sources */ = {isa = PBXBuildFile; fileRef = FA032CF424438272006F8A99 /* FontAwesome5_Regular.ttf */; };
		FA032D07244382A1006F8A99 /* FontAwesome5_Solid.ttf in Sources */ = {isa = PBXBuildFile; fileRef = FA032CF924438273006F8A99 /* FontAwesome5_Solid.ttf */; };
		FA032D08244382A1006F8A99 /* Fontisto.ttf in Sources */ = {isa = PBXBuildFile; fileRef = FA032CED24438272006F8A99 /* Fontisto.ttf */; };
		FA032D09244382A1006F8A99 /* Foundation.ttf in Sources */ = {isa = PBXBuildFile; fileRef = FA032CF824438273006F8A99 /* Foundation.ttf */; };
		FA032D0A244382A1006F8A99 /* IndieFlower-Regular.ttf in Sources */ = {isa = PBXBuildFile; fileRef = FA032CFA24438273006F8A99 /* IndieFlower-Regular.ttf */; };
		FA032D0B244382A1006F8A99 /* Ionicons.ttf in Sources */ = {isa = PBXBuildFile; fileRef = FA032CF324438272006F8A99 /* Ionicons.ttf */; };
		FA032D0C244382A1006F8A99 /* Lobster-Regular.ttf in Sources */ = {isa = PBXBuildFile; fileRef = FA032CFB24438273006F8A99 /* Lobster-Regular.ttf */; };
		FA032D0D244382A1006F8A99 /* MaterialCommunityIcons.ttf in Sources */ = {isa = PBXBuildFile; fileRef = FA032CF024438272006F8A99 /* MaterialCommunityIcons.ttf */; };
		FA032D0E244382A1006F8A99 /* MaterialIcons.ttf in Sources */ = {isa = PBXBuildFile; fileRef = FA032CFE24438273006F8A99 /* MaterialIcons.ttf */; };
		FA032D0F244382A1006F8A99 /* Octicons.ttf in Sources */ = {isa = PBXBuildFile; fileRef = FA032CF724438272006F8A99 /* Octicons.ttf */; };
		FA032D10244382A1006F8A99 /* Pacifico-Regular.ttf in Sources */ = {isa = PBXBuildFile; fileRef = FA032CFF24438273006F8A99 /* Pacifico-Regular.ttf */; };
		FA032D11244382A1006F8A99 /* SimpleLineIcons.ttf in Sources */ = {isa = PBXBuildFile; fileRef = FA032CF224438272006F8A99 /* SimpleLineIcons.ttf */; };
		FA032D12244382A1006F8A99 /* Zocial.ttf in Sources */ = {isa = PBXBuildFile; fileRef = FA032CF124438272006F8A99 /* Zocial.ttf */; };
		FA032D132443834F006F8A99 /* AntDesign.ttf in Resources */ = {isa = PBXBuildFile; fileRef = FA032CF624438272006F8A99 /* AntDesign.ttf */; };
		FA032D142443834F006F8A99 /* Entypo.ttf in Resources */ = {isa = PBXBuildFile; fileRef = FA032CFD24438273006F8A99 /* Entypo.ttf */; };
		FA032D152443834F006F8A99 /* EvilIcons.ttf in Resources */ = {isa = PBXBuildFile; fileRef = FA032CEF24438272006F8A99 /* EvilIcons.ttf */; };
		FA032D162443834F006F8A99 /* Feather.ttf in Resources */ = {isa = PBXBuildFile; fileRef = FA032CFC24438273006F8A99 /* Feather.ttf */; };
		FA032D172443834F006F8A99 /* FontAwesome.ttf in Resources */ = {isa = PBXBuildFile; fileRef = FA032CF524438272006F8A99 /* FontAwesome.ttf */; };
		FA032D182443834F006F8A99 /* FontAwesome5_Brands.ttf in Resources */ = {isa = PBXBuildFile; fileRef = FA032CEE24438272006F8A99 /* FontAwesome5_Brands.ttf */; };
		FA032D192443834F006F8A99 /* FontAwesome5_Regular.ttf in Resources */ = {isa = PBXBuildFile; fileRef = FA032CF424438272006F8A99 /* FontAwesome5_Regular.ttf */; };
		FA032D1A2443834F006F8A99 /* FontAwesome5_Solid.ttf in Resources */ = {isa = PBXBuildFile; fileRef = FA032CF924438273006F8A99 /* FontAwesome5_Solid.ttf */; };
		FA032D1B2443834F006F8A99 /* Fontisto.ttf in Resources */ = {isa = PBXBuildFile; fileRef = FA032CED24438272006F8A99 /* Fontisto.ttf */; };
		FA032D1C2443834F006F8A99 /* Foundation.ttf in Resources */ = {isa = PBXBuildFile; fileRef = FA032CF824438273006F8A99 /* Foundation.ttf */; };
		FA032D1D2443834F006F8A99 /* IndieFlower-Regular.ttf in Resources */ = {isa = PBXBuildFile; fileRef = FA032CFA24438273006F8A99 /* IndieFlower-Regular.ttf */; };
		FA032D1E2443834F006F8A99 /* Ionicons.ttf in Resources */ = {isa = PBXBuildFile; fileRef = FA032CF324438272006F8A99 /* Ionicons.ttf */; };
		FA032D1F2443834F006F8A99 /* Lobster-Regular.ttf in Resources */ = {isa = PBXBuildFile; fileRef = FA032CFB24438273006F8A99 /* Lobster-Regular.ttf */; };
		FA032D202443834F006F8A99 /* MaterialCommunityIcons.ttf in Resources */ = {isa = PBXBuildFile; fileRef = FA032CF024438272006F8A99 /* MaterialCommunityIcons.ttf */; };
		FA032D212443834F006F8A99 /* MaterialIcons.ttf in Resources */ = {isa = PBXBuildFile; fileRef = FA032CFE24438273006F8A99 /* MaterialIcons.ttf */; };
		FA032D222443834F006F8A99 /* Octicons.ttf in Resources */ = {isa = PBXBuildFile; fileRef = FA032CF724438272006F8A99 /* Octicons.ttf */; };
		FA032D232443834F006F8A99 /* Pacifico-Regular.ttf in Resources */ = {isa = PBXBuildFile; fileRef = FA032CFF24438273006F8A99 /* Pacifico-Regular.ttf */; };
		FA032D242443834F006F8A99 /* SimpleLineIcons.ttf in Resources */ = {isa = PBXBuildFile; fileRef = FA032CF224438272006F8A99 /* SimpleLineIcons.ttf */; };
		FA032D252443834F006F8A99 /* Zocial.ttf in Resources */ = {isa = PBXBuildFile; fileRef = FA032CF124438272006F8A99 /* Zocial.ttf */; };
		FA2293C6247690C70019F663 /* FacebookShare in Frameworks */ = {isa = PBXBuildFile; productRef = FA2293C5247690C70019F663 /* FacebookShare */; };
		FA2293C8247690C70019F663 /* FacebookCore in Frameworks */ = {isa = PBXBuildFile; productRef = FA2293C7247690C70019F663 /* FacebookCore */; };
		FA2293CA247690C70019F663 /* FacebookLogin in Frameworks */ = {isa = PBXBuildFile; productRef = FA2293C9247690C70019F663 /* FacebookLogin */; };
		FAD9A2A624151E0900CFD4C6 /* NotificationModule.m in Sources */ = {isa = PBXBuildFile; fileRef = FAD9A2A424151E0900CFD4C6 /* NotificationModule.m */; };
		FAD9A2AB24151E1400CFD4C6 /* NotificationEventEmitter.m in Sources */ = {isa = PBXBuildFile; fileRef = FAD9A2AA24151E1400CFD4C6 /* NotificationEventEmitter.m */; };
		FAD9A2AF2415211F00CFD4C6 /* UserNotifications.framework in Frameworks */ = {isa = PBXBuildFile; fileRef = FAD9A2AD2415211F00CFD4C6 /* UserNotifications.framework */; };
		FAD9A2B02415211F00CFD4C6 /* NotificationCenter.framework in Frameworks */ = {isa = PBXBuildFile; fileRef = FAD9A2AE2415211F00CFD4C6 /* NotificationCenter.framework */; };
/* End PBXBuildFile section */

/* Begin PBXFileReference section */
		008F07F21AC5B25A0029DE68 /* main.jsbundle */ = {isa = PBXFileReference; fileEncoding = 4; lastKnownFileType = text; path = main.jsbundle; sourceTree = "<group>"; };
		00E356F11AD99517003FC87E /* Info.plist */ = {isa = PBXFileReference; lastKnownFileType = text.plist.xml; path = Info.plist; sourceTree = "<group>"; };
		00E356F21AD99517003FC87E /* FinalMatchClientTests.m */ = {isa = PBXFileReference; lastKnownFileType = sourcecode.c.objc; path = FinalMatchClientTests.m; sourceTree = "<group>"; };
		0B8EE09D105CBE7C5F0E96E8 /* Pods-FinalMatchClient.debug.xcconfig */ = {isa = PBXFileReference; includeInIndex = 1; lastKnownFileType = text.xcconfig; name = "Pods-FinalMatchClient.debug.xcconfig"; path = "Target Support Files/Pods-FinalMatchClient/Pods-FinalMatchClient.debug.xcconfig"; sourceTree = "<group>"; };
		100A174571C645398EAB6876 /* SimpleLineIcons.ttf */ = {isa = PBXFileReference; explicitFileType = undefined; fileEncoding = 9; includeInIndex = 0; lastKnownFileType = unknown; name = SimpleLineIcons.ttf; path = "../node_modules/react-native-vector-icons/Fonts/SimpleLineIcons.ttf"; sourceTree = "<group>"; };
		118F1213AE3D44658C8816A1 /* EvilIcons.ttf */ = {isa = PBXFileReference; explicitFileType = undefined; fileEncoding = 9; includeInIndex = 0; lastKnownFileType = unknown; name = EvilIcons.ttf; path = "../node_modules/react-native-vector-icons/Fonts/EvilIcons.ttf"; sourceTree = "<group>"; };
		13B07F961A680F5B00A75B9A /* FinalMatchClient.app */ = {isa = PBXFileReference; explicitFileType = wrapper.application; includeInIndex = 0; path = FinalMatchClient.app; sourceTree = BUILT_PRODUCTS_DIR; };
		13B07FAF1A68108700A75B9A /* AppDelegate.h */ = {isa = PBXFileReference; fileEncoding = 4; lastKnownFileType = sourcecode.c.h; name = AppDelegate.h; path = FinalMatchClient/AppDelegate.h; sourceTree = "<group>"; };
		13B07FB01A68108700A75B9A /* AppDelegate.m */ = {isa = PBXFileReference; fileEncoding = 4; lastKnownFileType = sourcecode.c.objc; name = AppDelegate.m; path = FinalMatchClient/AppDelegate.m; sourceTree = "<group>"; };
		13B07FB21A68108700A75B9A /* Base */ = {isa = PBXFileReference; lastKnownFileType = file.xib; name = Base; path = Base.lproj/LaunchScreen.xib; sourceTree = "<group>"; };
		13B07FB51A68108700A75B9A /* Images.xcassets */ = {isa = PBXFileReference; lastKnownFileType = folder.assetcatalog; name = Images.xcassets; path = FinalMatchClient/Images.xcassets; sourceTree = "<group>"; };
		13B07FB61A68108700A75B9A /* Info.plist */ = {isa = PBXFileReference; fileEncoding = 4; lastKnownFileType = text.plist.xml; name = Info.plist; path = FinalMatchClient/Info.plist; sourceTree = "<group>"; };
		13B07FB71A68108700A75B9A /* main.m */ = {isa = PBXFileReference; fileEncoding = 4; lastKnownFileType = sourcecode.c.objc; name = main.m; path = FinalMatchClient/main.m; sourceTree = "<group>"; };
		1601D2B7A7A8412EA9CB2CFC /* Octicons.ttf */ = {isa = PBXFileReference; explicitFileType = undefined; fileEncoding = 9; includeInIndex = 0; lastKnownFileType = unknown; name = Octicons.ttf; path = "../node_modules/react-native-vector-icons/Fonts/Octicons.ttf"; sourceTree = "<group>"; };
		16B646E5F37B456986453932 /* MaterialIcons.ttf */ = {isa = PBXFileReference; explicitFileType = undefined; fileEncoding = 9; includeInIndex = 0; lastKnownFileType = unknown; name = MaterialIcons.ttf; path = "../node_modules/react-native-vector-icons/Fonts/MaterialIcons.ttf"; sourceTree = "<group>"; };
		1A7B2837635F49D2AB6775FB /* Feather.ttf */ = {isa = PBXFileReference; explicitFileType = undefined; fileEncoding = 9; includeInIndex = 0; lastKnownFileType = unknown; name = Feather.ttf; path = "../node_modules/react-native-vector-icons/Fonts/Feather.ttf"; sourceTree = "<group>"; };
		28C3F6F8938C47B4AFE4F8A9 /* Ionicons.ttf */ = {isa = PBXFileReference; explicitFileType = undefined; fileEncoding = 9; includeInIndex = 0; lastKnownFileType = unknown; name = Ionicons.ttf; path = "../node_modules/react-native-vector-icons/Fonts/Ionicons.ttf"; sourceTree = "<group>"; };
		4230A9AFC33F434196AB83DC /* Zocial.ttf */ = {isa = PBXFileReference; explicitFileType = undefined; fileEncoding = 9; includeInIndex = 0; lastKnownFileType = unknown; name = Zocial.ttf; path = "../node_modules/react-native-vector-icons/Fonts/Zocial.ttf"; sourceTree = "<group>"; };
		583C18FA81B649248BD7C3D5 /* FontAwesome5_Brands.ttf */ = {isa = PBXFileReference; explicitFileType = undefined; fileEncoding = 9; includeInIndex = 0; lastKnownFileType = unknown; name = FontAwesome5_Brands.ttf; path = "../node_modules/react-native-vector-icons/Fonts/FontAwesome5_Brands.ttf"; sourceTree = "<group>"; };
		8B84678E568A445B806DD3DC /* FontAwesome5_Regular.ttf */ = {isa = PBXFileReference; explicitFileType = undefined; fileEncoding = 9; includeInIndex = 0; lastKnownFileType = unknown; name = FontAwesome5_Regular.ttf; path = "../node_modules/react-native-vector-icons/Fonts/FontAwesome5_Regular.ttf"; sourceTree = "<group>"; };
		A7E0EFBA81B445E7BC2266DF /* AntDesign.ttf */ = {isa = PBXFileReference; explicitFileType = undefined; fileEncoding = 9; includeInIndex = 0; lastKnownFileType = unknown; name = AntDesign.ttf; path = "../node_modules/react-native-vector-icons/Fonts/AntDesign.ttf"; sourceTree = "<group>"; };
		ADDB614924163B910034B843 /* GoogleService-Info.plist */ = {isa = PBXFileReference; fileEncoding = 4; lastKnownFileType = text.plist.xml; name = "GoogleService-Info.plist"; path = "FinalMatchClient/GoogleService-Info.plist"; sourceTree = "<group>"; };
		ADDB614D241640A00034B843 /* AsyncStorage.h */ = {isa = PBXFileReference; lastKnownFileType = sourcecode.c.h; name = AsyncStorage.h; path = FinalMatchClient/AsynStorage/AsyncStorage.h; sourceTree = "<group>"; };
		ADDB6150241643240034B843 /* AsynStorage.m */ = {isa = PBXFileReference; fileEncoding = 4; lastKnownFileType = sourcecode.c.objc; name = AsynStorage.m; path = FinalMatchClient/AsynStorage/AsynStorage.m; sourceTree = "<group>"; };
		B340780C2DB94BD48C492978 /* Fontisto.ttf */ = {isa = PBXFileReference; explicitFileType = undefined; fileEncoding = 9; includeInIndex = 0; lastKnownFileType = unknown; name = Fontisto.ttf; path = "../node_modules/react-native-vector-icons/Fonts/Fontisto.ttf"; sourceTree = "<group>"; };
		C894C5316B974D1BBAE2DDAC /* MaterialCommunityIcons.ttf */ = {isa = PBXFileReference; explicitFileType = undefined; fileEncoding = 9; includeInIndex = 0; lastKnownFileType = unknown; name = MaterialCommunityIcons.ttf; path = "../node_modules/react-native-vector-icons/Fonts/MaterialCommunityIcons.ttf"; sourceTree = "<group>"; };
		CE84B2F7BAC409D15932906D /* Pods_FinalMatchClient.framework */ = {isa = PBXFileReference; explicitFileType = wrapper.framework; includeInIndex = 0; path = Pods_FinalMatchClient.framework; sourceTree = BUILT_PRODUCTS_DIR; };
		CEC1296F98324366BF741049 /* FontAwesome.ttf */ = {isa = PBXFileReference; explicitFileType = undefined; fileEncoding = 9; includeInIndex = 0; lastKnownFileType = unknown; name = FontAwesome.ttf; path = "../node_modules/react-native-vector-icons/Fonts/FontAwesome.ttf"; sourceTree = "<group>"; };
		D531CD47248C43A39DE0699C /* Foundation.ttf */ = {isa = PBXFileReference; explicitFileType = undefined; fileEncoding = 9; includeInIndex = 0; lastKnownFileType = unknown; name = Foundation.ttf; path = "../node_modules/react-native-vector-icons/Fonts/Foundation.ttf"; sourceTree = "<group>"; };
		ED297162215061F000B7C4FE /* JavaScriptCore.framework */ = {isa = PBXFileReference; lastKnownFileType = wrapper.framework; name = JavaScriptCore.framework; path = System/Library/Frameworks/JavaScriptCore.framework; sourceTree = SDKROOT; };
		ED2971642150620600B7C4FE /* JavaScriptCore.framework */ = {isa = PBXFileReference; lastKnownFileType = wrapper.framework; name = JavaScriptCore.framework; path = Platforms/AppleTVOS.platform/Developer/SDKs/AppleTVOS12.0.sdk/System/Library/Frameworks/JavaScriptCore.framework; sourceTree = DEVELOPER_DIR; };
		EDC424E3DE054F92B73885EF /* Entypo.ttf */ = {isa = PBXFileReference; explicitFileType = undefined; fileEncoding = 9; includeInIndex = 0; lastKnownFileType = unknown; name = Entypo.ttf; path = "../node_modules/react-native-vector-icons/Fonts/Entypo.ttf"; sourceTree = "<group>"; };
		F56857AB7511486B884D7C87 /* FontAwesome5_Solid.ttf */ = {isa = PBXFileReference; explicitFileType = undefined; fileEncoding = 9; includeInIndex = 0; lastKnownFileType = unknown; name = FontAwesome5_Solid.ttf; path = "../node_modules/react-native-vector-icons/Fonts/FontAwesome5_Solid.ttf"; sourceTree = "<group>"; };
		FA032CED24438272006F8A99 /* Fontisto.ttf */ = {isa = PBXFileReference; lastKnownFileType = file; name = Fontisto.ttf; path = assets/fonts/Fontisto.ttf; sourceTree = "<group>"; };
		FA032CEE24438272006F8A99 /* FontAwesome5_Brands.ttf */ = {isa = PBXFileReference; lastKnownFileType = file; name = FontAwesome5_Brands.ttf; path = assets/fonts/FontAwesome5_Brands.ttf; sourceTree = "<group>"; };
		FA032CEF24438272006F8A99 /* EvilIcons.ttf */ = {isa = PBXFileReference; lastKnownFileType = file; name = EvilIcons.ttf; path = assets/fonts/EvilIcons.ttf; sourceTree = "<group>"; };
		FA032CF024438272006F8A99 /* MaterialCommunityIcons.ttf */ = {isa = PBXFileReference; lastKnownFileType = file; name = MaterialCommunityIcons.ttf; path = assets/fonts/MaterialCommunityIcons.ttf; sourceTree = "<group>"; };
		FA032CF124438272006F8A99 /* Zocial.ttf */ = {isa = PBXFileReference; lastKnownFileType = file; name = Zocial.ttf; path = assets/fonts/Zocial.ttf; sourceTree = "<group>"; };
		FA032CF224438272006F8A99 /* SimpleLineIcons.ttf */ = {isa = PBXFileReference; lastKnownFileType = file; name = SimpleLineIcons.ttf; path = assets/fonts/SimpleLineIcons.ttf; sourceTree = "<group>"; };
		FA032CF324438272006F8A99 /* Ionicons.ttf */ = {isa = PBXFileReference; lastKnownFileType = file; name = Ionicons.ttf; path = assets/fonts/Ionicons.ttf; sourceTree = "<group>"; };
		FA032CF424438272006F8A99 /* FontAwesome5_Regular.ttf */ = {isa = PBXFileReference; lastKnownFileType = file; name = FontAwesome5_Regular.ttf; path = assets/fonts/FontAwesome5_Regular.ttf; sourceTree = "<group>"; };
		FA032CF524438272006F8A99 /* FontAwesome.ttf */ = {isa = PBXFileReference; lastKnownFileType = file; name = FontAwesome.ttf; path = assets/fonts/FontAwesome.ttf; sourceTree = "<group>"; };
		FA032CF624438272006F8A99 /* AntDesign.ttf */ = {isa = PBXFileReference; lastKnownFileType = file; name = AntDesign.ttf; path = assets/fonts/AntDesign.ttf; sourceTree = "<group>"; };
		FA032CF724438272006F8A99 /* Octicons.ttf */ = {isa = PBXFileReference; lastKnownFileType = file; name = Octicons.ttf; path = assets/fonts/Octicons.ttf; sourceTree = "<group>"; };
		FA032CF824438273006F8A99 /* Foundation.ttf */ = {isa = PBXFileReference; lastKnownFileType = file; name = Foundation.ttf; path = assets/fonts/Foundation.ttf; sourceTree = "<group>"; };
		FA032CF924438273006F8A99 /* FontAwesome5_Solid.ttf */ = {isa = PBXFileReference; lastKnownFileType = file; name = FontAwesome5_Solid.ttf; path = assets/fonts/FontAwesome5_Solid.ttf; sourceTree = "<group>"; };
		FA032CFA24438273006F8A99 /* IndieFlower-Regular.ttf */ = {isa = PBXFileReference; lastKnownFileType = file; name = "IndieFlower-Regular.ttf"; path = "assets/fonts/IndieFlower-Regular.ttf"; sourceTree = "<group>"; };
		FA032CFB24438273006F8A99 /* Lobster-Regular.ttf */ = {isa = PBXFileReference; lastKnownFileType = file; name = "Lobster-Regular.ttf"; path = "assets/fonts/Lobster-Regular.ttf"; sourceTree = "<group>"; };
		FA032CFC24438273006F8A99 /* Feather.ttf */ = {isa = PBXFileReference; lastKnownFileType = file; name = Feather.ttf; path = assets/fonts/Feather.ttf; sourceTree = "<group>"; };
		FA032CFD24438273006F8A99 /* Entypo.ttf */ = {isa = PBXFileReference; lastKnownFileType = file; name = Entypo.ttf; path = assets/fonts/Entypo.ttf; sourceTree = "<group>"; };
		FA032CFE24438273006F8A99 /* MaterialIcons.ttf */ = {isa = PBXFileReference; lastKnownFileType = file; name = MaterialIcons.ttf; path = assets/fonts/MaterialIcons.ttf; sourceTree = "<group>"; };
		FA032CFF24438273006F8A99 /* Pacifico-Regular.ttf */ = {isa = PBXFileReference; lastKnownFileType = file; name = "Pacifico-Regular.ttf"; path = "assets/fonts/Pacifico-Regular.ttf"; sourceTree = "<group>"; };
		FAD9A2A324151E0900CFD4C6 /* NotificationModule.h */ = {isa = PBXFileReference; fileEncoding = 4; lastKnownFileType = sourcecode.c.h; name = NotificationModule.h; path = FinalMatchClient/Notification/NotificationModule.h; sourceTree = "<group>"; };
		FAD9A2A424151E0900CFD4C6 /* NotificationModule.m */ = {isa = PBXFileReference; fileEncoding = 4; lastKnownFileType = sourcecode.c.objc; name = NotificationModule.m; path = FinalMatchClient/Notification/NotificationModule.m; sourceTree = "<group>"; };
		FAD9A2A824151E1400CFD4C6 /* NotificationEventEmitter.h */ = {isa = PBXFileReference; fileEncoding = 4; lastKnownFileType = sourcecode.c.h; name = NotificationEventEmitter.h; path = FinalMatchClient/EventsToReactNative/NotificationEventEmitter.h; sourceTree = "<group>"; };
		FAD9A2A924151E1400CFD4C6 /* EventNames.h */ = {isa = PBXFileReference; fileEncoding = 4; lastKnownFileType = sourcecode.c.h; name = EventNames.h; path = FinalMatchClient/EventsToReactNative/EventNames.h; sourceTree = "<group>"; };
		FAD9A2AA24151E1400CFD4C6 /* NotificationEventEmitter.m */ = {isa = PBXFileReference; fileEncoding = 4; lastKnownFileType = sourcecode.c.objc; name = NotificationEventEmitter.m; path = FinalMatchClient/EventsToReactNative/NotificationEventEmitter.m; sourceTree = "<group>"; };
		FAD9A2AC241520D900CFD4C6 /* FinalMatchClient.entitlements */ = {isa = PBXFileReference; lastKnownFileType = text.plist.entitlements; name = FinalMatchClient.entitlements; path = FinalMatchClient/FinalMatchClient.entitlements; sourceTree = "<group>"; };
		FAD9A2AD2415211F00CFD4C6 /* UserNotifications.framework */ = {isa = PBXFileReference; lastKnownFileType = wrapper.framework; name = UserNotifications.framework; path = System/Library/Frameworks/UserNotifications.framework; sourceTree = SDKROOT; };
		FAD9A2AE2415211F00CFD4C6 /* NotificationCenter.framework */ = {isa = PBXFileReference; lastKnownFileType = wrapper.framework; name = NotificationCenter.framework; path = System/Library/Frameworks/NotificationCenter.framework; sourceTree = SDKROOT; };
		FAFE8BB20B98B3514F35B4F0 /* Pods-FinalMatchClient.release.xcconfig */ = {isa = PBXFileReference; includeInIndex = 1; lastKnownFileType = text.xcconfig; name = "Pods-FinalMatchClient.release.xcconfig"; path = "Target Support Files/Pods-FinalMatchClient/Pods-FinalMatchClient.release.xcconfig"; sourceTree = "<group>"; };
/* End PBXFileReference section */

/* Begin PBXFrameworksBuildPhase section */
		13B07F8C1A680F5B00A75B9A /* Frameworks */ = {
			isa = PBXFrameworksBuildPhase;
			buildActionMask = 2147483647;
			files = (
				FAD9A2B02415211F00CFD4C6 /* NotificationCenter.framework in Frameworks */,
				FA2293C8247690C70019F663 /* FacebookCore in Frameworks */,
				FA2293CA247690C70019F663 /* FacebookLogin in Frameworks */,
				FAD9A2AF2415211F00CFD4C6 /* UserNotifications.framework in Frameworks */,
				FA2293C6247690C70019F663 /* FacebookShare in Frameworks */,
				76D5549BF4CCC11914F1FFC2 /* Pods_FinalMatchClient.framework in Frameworks */,
			);
			runOnlyForDeploymentPostprocessing = 0;
		};
/* End PBXFrameworksBuildPhase section */

/* Begin PBXGroup section */
		00E356EF1AD99517003FC87E /* FinalMatchClientTests */ = {
			isa = PBXGroup;
			children = (
				00E356F21AD99517003FC87E /* FinalMatchClientTests.m */,
				00E356F01AD99517003FC87E /* Supporting Files */,
			);
			path = FinalMatchClientTests;
			sourceTree = "<group>";
		};
		00E356F01AD99517003FC87E /* Supporting Files */ = {
			isa = PBXGroup;
			children = (
				00E356F11AD99517003FC87E /* Info.plist */,
			);
			name = "Supporting Files";
			sourceTree = "<group>";
		};
		13B07FAE1A68108700A75B9A /* FinalMatchClient */ = {
			isa = PBXGroup;
			children = (
				ADDB614924163B910034B843 /* GoogleService-Info.plist */,
				FA032CEB2443824F006F8A99 /* Assets */,
				ADDB614C241640710034B843 /* AsynStorage */,
				FAD9A2AC241520D900CFD4C6 /* FinalMatchClient.entitlements */,
				008F07F21AC5B25A0029DE68 /* main.jsbundle */,
				13B07FAF1A68108700A75B9A /* AppDelegate.h */,
				13B07FB01A68108700A75B9A /* AppDelegate.m */,
				13B07FB51A68108700A75B9A /* Images.xcassets */,
				13B07FB61A68108700A75B9A /* Info.plist */,
				13B07FB11A68108700A75B9A /* LaunchScreen.xib */,
				13B07FB71A68108700A75B9A /* main.m */,
				FAD9A2A224151DF500CFD4C6 /* Notification */,
				FAD9A2A124151DEF00CFD4C6 /* EventsToReactNative */,
			);
			name = FinalMatchClient;
			sourceTree = "<group>";
		};
		2D16E6871FA4F8E400B85C8A /* Frameworks */ = {
			isa = PBXGroup;
			children = (
				FAD9A2AE2415211F00CFD4C6 /* NotificationCenter.framework */,
				FAD9A2AD2415211F00CFD4C6 /* UserNotifications.framework */,
				ED297162215061F000B7C4FE /* JavaScriptCore.framework */,
				ED2971642150620600B7C4FE /* JavaScriptCore.framework */,
				CE84B2F7BAC409D15932906D /* Pods_FinalMatchClient.framework */,
			);
			name = Frameworks;
			sourceTree = "<group>";
		};
		327B4F70CE9046B7B17697C0 /* Resources */ = {
			isa = PBXGroup;
			children = (
				A7E0EFBA81B445E7BC2266DF /* AntDesign.ttf */,
				EDC424E3DE054F92B73885EF /* Entypo.ttf */,
				118F1213AE3D44658C8816A1 /* EvilIcons.ttf */,
				1A7B2837635F49D2AB6775FB /* Feather.ttf */,
				CEC1296F98324366BF741049 /* FontAwesome.ttf */,
				583C18FA81B649248BD7C3D5 /* FontAwesome5_Brands.ttf */,
				8B84678E568A445B806DD3DC /* FontAwesome5_Regular.ttf */,
				F56857AB7511486B884D7C87 /* FontAwesome5_Solid.ttf */,
				B340780C2DB94BD48C492978 /* Fontisto.ttf */,
				D531CD47248C43A39DE0699C /* Foundation.ttf */,
				28C3F6F8938C47B4AFE4F8A9 /* Ionicons.ttf */,
				C894C5316B974D1BBAE2DDAC /* MaterialCommunityIcons.ttf */,
				16B646E5F37B456986453932 /* MaterialIcons.ttf */,
				1601D2B7A7A8412EA9CB2CFC /* Octicons.ttf */,
				100A174571C645398EAB6876 /* SimpleLineIcons.ttf */,
				4230A9AFC33F434196AB83DC /* Zocial.ttf */,
			);
			name = Resources;
			sourceTree = "<group>";
		};
		832341AE1AAA6A7D00B99B32 /* Libraries */ = {
			isa = PBXGroup;
			children = (
			);
			name = Libraries;
			sourceTree = "<group>";
		};
		83CBB9F61A601CBA00E9B192 = {
			isa = PBXGroup;
			children = (
				13B07FAE1A68108700A75B9A /* FinalMatchClient */,
				832341AE1AAA6A7D00B99B32 /* Libraries */,
				00E356EF1AD99517003FC87E /* FinalMatchClientTests */,
				83CBBA001A601CBA00E9B192 /* Products */,
				2D16E6871FA4F8E400B85C8A /* Frameworks */,
				D8547547975553C6244C3BF9 /* Pods */,
				327B4F70CE9046B7B17697C0 /* Resources */,
			);
			indentWidth = 2;
			sourceTree = "<group>";
			tabWidth = 2;
			usesTabs = 0;
		};
		83CBBA001A601CBA00E9B192 /* Products */ = {
			isa = PBXGroup;
			children = (
				13B07F961A680F5B00A75B9A /* FinalMatchClient.app */,
			);
			name = Products;
			sourceTree = "<group>";
		};
		ADDB614C241640710034B843 /* AsynStorage */ = {
			isa = PBXGroup;
			children = (
				ADDB614D241640A00034B843 /* AsyncStorage.h */,
				ADDB6150241643240034B843 /* AsynStorage.m */,
			);
			name = AsynStorage;
			sourceTree = "<group>";
		};
		D8547547975553C6244C3BF9 /* Pods */ = {
			isa = PBXGroup;
			children = (
				0B8EE09D105CBE7C5F0E96E8 /* Pods-FinalMatchClient.debug.xcconfig */,
				FAFE8BB20B98B3514F35B4F0 /* Pods-FinalMatchClient.release.xcconfig */,
			);
			path = Pods;
			sourceTree = "<group>";
		};
		FA032CEB2443824F006F8A99 /* Assets */ = {
			isa = PBXGroup;
			children = (
				FA032CEC24438264006F8A99 /* Fonts */,
			);
			name = Assets;
			sourceTree = "<group>";
		};
		FA032CEC24438264006F8A99 /* Fonts */ = {
			isa = PBXGroup;
			children = (
				FA032CF624438272006F8A99 /* AntDesign.ttf */,
				FA032CFD24438273006F8A99 /* Entypo.ttf */,
				FA032CEF24438272006F8A99 /* EvilIcons.ttf */,
				FA032CFC24438273006F8A99 /* Feather.ttf */,
				FA032CF524438272006F8A99 /* FontAwesome.ttf */,
				FA032CEE24438272006F8A99 /* FontAwesome5_Brands.ttf */,
				FA032CF424438272006F8A99 /* FontAwesome5_Regular.ttf */,
				FA032CF924438273006F8A99 /* FontAwesome5_Solid.ttf */,
				FA032CED24438272006F8A99 /* Fontisto.ttf */,
				FA032CF824438273006F8A99 /* Foundation.ttf */,
				FA032CFA24438273006F8A99 /* IndieFlower-Regular.ttf */,
				FA032CF324438272006F8A99 /* Ionicons.ttf */,
				FA032CFB24438273006F8A99 /* Lobster-Regular.ttf */,
				FA032CF024438272006F8A99 /* MaterialCommunityIcons.ttf */,
				FA032CFE24438273006F8A99 /* MaterialIcons.ttf */,
				FA032CF724438272006F8A99 /* Octicons.ttf */,
				FA032CFF24438273006F8A99 /* Pacifico-Regular.ttf */,
				FA032CF224438272006F8A99 /* SimpleLineIcons.ttf */,
				FA032CF124438272006F8A99 /* Zocial.ttf */,
			);
			name = Fonts;
			sourceTree = "<group>";
		};
		FAD9A2A124151DEF00CFD4C6 /* EventsToReactNative */ = {
			isa = PBXGroup;
			children = (
				FAD9A2A924151E1400CFD4C6 /* EventNames.h */,
				FAD9A2A824151E1400CFD4C6 /* NotificationEventEmitter.h */,
				FAD9A2AA24151E1400CFD4C6 /* NotificationEventEmitter.m */,
			);
			name = EventsToReactNative;
			sourceTree = "<group>";
		};
		FAD9A2A224151DF500CFD4C6 /* Notification */ = {
			isa = PBXGroup;
			children = (
				FAD9A2A324151E0900CFD4C6 /* NotificationModule.h */,
				FAD9A2A424151E0900CFD4C6 /* NotificationModule.m */,
			);
			name = Notification;
			sourceTree = "<group>";
		};
/* End PBXGroup section */

/* Begin PBXNativeTarget section */
		13B07F861A680F5B00A75B9A /* FinalMatchClient */ = {
			isa = PBXNativeTarget;
			buildConfigurationList = 13B07F931A680F5B00A75B9A /* Build configuration list for PBXNativeTarget "FinalMatchClient" */;
			buildPhases = (
				2690DD3668CA3D5E40F4029E /* [CP] Check Pods Manifest.lock */,
				FD10A7F022414F080027D42C /* Start Packager */,
				13B07F871A680F5B00A75B9A /* Sources */,
				13B07F8C1A680F5B00A75B9A /* Frameworks */,
				13B07F8E1A680F5B00A75B9A /* Resources */,
				00DD1BFF1BD5951E006B06BC /* Bundle React Native code and images */,
				D0233612E13A00536AF3D907 /* [CP] Embed Pods Frameworks */,
			);
			buildRules = (
			);
			dependencies = (
			);
			name = FinalMatchClient;
			packageProductDependencies = (
				FA2293C5247690C70019F663 /* FacebookShare */,
				FA2293C7247690C70019F663 /* FacebookCore */,
				FA2293C9247690C70019F663 /* FacebookLogin */,
			);
			productName = FinalMatchClient;
			productReference = 13B07F961A680F5B00A75B9A /* FinalMatchClient.app */;
			productType = "com.apple.product-type.application";
		};
/* End PBXNativeTarget section */

/* Begin PBXProject section */
		83CBB9F71A601CBA00E9B192 /* Project object */ = {
			isa = PBXProject;
			attributes = {
				LastUpgradeCheck = 940;
				ORGANIZATIONNAME = Facebook;
			};
			buildConfigurationList = 83CBB9FA1A601CBA00E9B192 /* Build configuration list for PBXProject "FinalMatchClient" */;
			compatibilityVersion = "Xcode 3.2";
			developmentRegion = English;
			hasScannedForEncodings = 0;
			knownRegions = (
				English,
				en,
				Base,
			);
			mainGroup = 83CBB9F61A601CBA00E9B192;
			packageReferences = (
				FA2293C4247690C70019F663 /* XCRemoteSwiftPackageReference "facebook-ios-sdk" */,
			);
			productRefGroup = 83CBBA001A601CBA00E9B192 /* Products */;
			projectDirPath = "";
			projectRoot = "";
			targets = (
				13B07F861A680F5B00A75B9A /* FinalMatchClient */,
			);
		};
/* End PBXProject section */

/* Begin PBXResourcesBuildPhase section */
		13B07F8E1A680F5B00A75B9A /* Resources */ = {
			isa = PBXResourcesBuildPhase;
			buildActionMask = 2147483647;
			files = (
				FA032D132443834F006F8A99 /* AntDesign.ttf in Resources */,
				FA032D142443834F006F8A99 /* Entypo.ttf in Resources */,
				FA032D152443834F006F8A99 /* EvilIcons.ttf in Resources */,
				FA032D162443834F006F8A99 /* Feather.ttf in Resources */,
				FA032D172443834F006F8A99 /* FontAwesome.ttf in Resources */,
				FA032D182443834F006F8A99 /* FontAwesome5_Brands.ttf in Resources */,
				FA032D192443834F006F8A99 /* FontAwesome5_Regular.ttf in Resources */,
				FA032D1A2443834F006F8A99 /* FontAwesome5_Solid.ttf in Resources */,
				FA032D1B2443834F006F8A99 /* Fontisto.ttf in Resources */,
				FA032D1C2443834F006F8A99 /* Foundation.ttf in Resources */,
				FA032D1D2443834F006F8A99 /* IndieFlower-Regular.ttf in Resources */,
				FA032D1E2443834F006F8A99 /* Ionicons.ttf in Resources */,
				FA032D1F2443834F006F8A99 /* Lobster-Regular.ttf in Resources */,
				FA032D202443834F006F8A99 /* MaterialCommunityIcons.ttf in Resources */,
				FA032D212443834F006F8A99 /* MaterialIcons.ttf in Resources */,
				FA032D222443834F006F8A99 /* Octicons.ttf in Resources */,
				FA032D232443834F006F8A99 /* Pacifico-Regular.ttf in Resources */,
				FA032D242443834F006F8A99 /* SimpleLineIcons.ttf in Resources */,
				FA032D252443834F006F8A99 /* Zocial.ttf in Resources */,
				13B07FBF1A68108700A75B9A /* Images.xcassets in Resources */,
				13B07FBD1A68108700A75B9A /* LaunchScreen.xib in Resources */,
				ADDB614A24163B910034B843 /* GoogleService-Info.plist in Resources */,
			);
			runOnlyForDeploymentPostprocessing = 0;
		};
/* End PBXResourcesBuildPhase section */

/* Begin PBXShellScriptBuildPhase section */
		00DD1BFF1BD5951E006B06BC /* Bundle React Native code and images */ = {
			isa = PBXShellScriptBuildPhase;
			buildActionMask = 2147483647;
			files = (
			);
			inputPaths = (
			);
			name = "Bundle React Native code and images";
			outputPaths = (
			);
			runOnlyForDeploymentPostprocessing = 0;
			shellPath = /bin/sh;
			shellScript = "export NODE_BINARY=node\n../node_modules/react-native/scripts/react-native-xcode.sh\n";
		};
		2690DD3668CA3D5E40F4029E /* [CP] Check Pods Manifest.lock */ = {
			isa = PBXShellScriptBuildPhase;
			buildActionMask = 2147483647;
			files = (
			);
			inputFileListPaths = (
			);
			inputPaths = (
				"${PODS_PODFILE_DIR_PATH}/Podfile.lock",
				"${PODS_ROOT}/Manifest.lock",
			);
			name = "[CP] Check Pods Manifest.lock";
			outputFileListPaths = (
			);
			outputPaths = (
				"$(DERIVED_FILE_DIR)/Pods-FinalMatchClient-checkManifestLockResult.txt",
			);
			runOnlyForDeploymentPostprocessing = 0;
			shellPath = /bin/sh;
			shellScript = "diff \"${PODS_PODFILE_DIR_PATH}/Podfile.lock\" \"${PODS_ROOT}/Manifest.lock\" > /dev/null\nif [ $? != 0 ] ; then\n    # print error to STDERR\n    echo \"error: The sandbox is not in sync with the Podfile.lock. Run 'pod install' or update your CocoaPods installation.\" >&2\n    exit 1\nfi\n# This output is used by Xcode 'outputs' to avoid re-running this script phase.\necho \"SUCCESS\" > \"${SCRIPT_OUTPUT_FILE_0}\"\n";
			showEnvVarsInLog = 0;
		};
		D0233612E13A00536AF3D907 /* [CP] Embed Pods Frameworks */ = {
			isa = PBXShellScriptBuildPhase;
			buildActionMask = 2147483647;
			files = (
			);
			inputFileListPaths = (
				"${PODS_ROOT}/Target Support Files/Pods-FinalMatchClient/Pods-FinalMatchClient-frameworks-${CONFIGURATION}-input-files.xcfilelist",
			);
			name = "[CP] Embed Pods Frameworks";
			outputFileListPaths = (
				"${PODS_ROOT}/Target Support Files/Pods-FinalMatchClient/Pods-FinalMatchClient-frameworks-${CONFIGURATION}-output-files.xcfilelist",
			);
			runOnlyForDeploymentPostprocessing = 0;
			shellPath = /bin/sh;
			shellScript = "\"${PODS_ROOT}/Target Support Files/Pods-FinalMatchClient/Pods-FinalMatchClient-frameworks.sh\"\n";
			showEnvVarsInLog = 0;
		};
		FD10A7F022414F080027D42C /* Start Packager */ = {
			isa = PBXShellScriptBuildPhase;
			buildActionMask = 2147483647;
			files = (
			);
			inputFileListPaths = (
			);
			inputPaths = (
			);
			name = "Start Packager";
			outputFileListPaths = (
			);
			outputPaths = (
			);
			runOnlyForDeploymentPostprocessing = 0;
			shellPath = /bin/sh;
			shellScript = "export RCT_METRO_PORT=\"${RCT_METRO_PORT:=8081}\"\necho \"export RCT_METRO_PORT=${RCT_METRO_PORT}\" > \"${SRCROOT}/../node_modules/react-native/scripts/.packager.env\"\nif [ -z \"${RCT_NO_LAUNCH_PACKAGER+xxx}\" ] ; then\n  if nc -w 5 -z localhost ${RCT_METRO_PORT} ; then\n    if ! curl -s \"http://localhost:${RCT_METRO_PORT}/status\" | grep -q \"packager-status:running\" ; then\n      echo \"Port ${RCT_METRO_PORT} already in use, packager is either not running or not running correctly\"\n      exit 2\n    fi\n  else\n    open \"$SRCROOT/../node_modules/react-native/scripts/launchPackager.command\" || echo \"Can't start packager automatically\"\n  fi\nfi\n";
			showEnvVarsInLog = 0;
		};
/* End PBXShellScriptBuildPhase section */

/* Begin PBXSourcesBuildPhase section */
		13B07F871A680F5B00A75B9A /* Sources */ = {
			isa = PBXSourcesBuildPhase;
			buildActionMask = 2147483647;
			files = (
				FA032D00244382A1006F8A99 /* AntDesign.ttf in Sources */,
				FA032D01244382A1006F8A99 /* Entypo.ttf in Sources */,
				FA032D02244382A1006F8A99 /* EvilIcons.ttf in Sources */,
				FA032D03244382A1006F8A99 /* Feather.ttf in Sources */,
				FA032D04244382A1006F8A99 /* FontAwesome.ttf in Sources */,
				FA032D05244382A1006F8A99 /* FontAwesome5_Brands.ttf in Sources */,
				FA032D06244382A1006F8A99 /* FontAwesome5_Regular.ttf in Sources */,
				FA032D07244382A1006F8A99 /* FontAwesome5_Solid.ttf in Sources */,
				FA032D08244382A1006F8A99 /* Fontisto.ttf in Sources */,
				FA032D09244382A1006F8A99 /* Foundation.ttf in Sources */,
				FA032D0A244382A1006F8A99 /* IndieFlower-Regular.ttf in Sources */,
				FA032D0B244382A1006F8A99 /* Ionicons.ttf in Sources */,
				FA032D0C244382A1006F8A99 /* Lobster-Regular.ttf in Sources */,
				FA032D0D244382A1006F8A99 /* MaterialCommunityIcons.ttf in Sources */,
				FA032D0E244382A1006F8A99 /* MaterialIcons.ttf in Sources */,
				FA032D0F244382A1006F8A99 /* Octicons.ttf in Sources */,
				FA032D10244382A1006F8A99 /* Pacifico-Regular.ttf in Sources */,
				FA032D11244382A1006F8A99 /* SimpleLineIcons.ttf in Sources */,
				FA032D12244382A1006F8A99 /* Zocial.ttf in Sources */,
				ADDB6151241643240034B843 /* AsynStorage.m in Sources */,
				13B07FBC1A68108700A75B9A /* AppDelegate.m in Sources */,
				FAD9A2A624151E0900CFD4C6 /* NotificationModule.m in Sources */,
				FAD9A2AB24151E1400CFD4C6 /* NotificationEventEmitter.m in Sources */,
				13B07FC11A68108700A75B9A /* main.m in Sources */,
			);
			runOnlyForDeploymentPostprocessing = 0;
		};
/* End PBXSourcesBuildPhase section */

/* Begin PBXVariantGroup section */
		13B07FB11A68108700A75B9A /* LaunchScreen.xib */ = {
			isa = PBXVariantGroup;
			children = (
				13B07FB21A68108700A75B9A /* Base */,
			);
			name = LaunchScreen.xib;
			path = FinalMatchClient;
			sourceTree = "<group>";
		};
/* End PBXVariantGroup section */

/* Begin XCBuildConfiguration section */
		13B07F941A680F5B00A75B9A /* Debug */ = {
			isa = XCBuildConfiguration;
			baseConfigurationReference = 0B8EE09D105CBE7C5F0E96E8 /* Pods-FinalMatchClient.debug.xcconfig */;
			buildSettings = {
				ASSETCATALOG_COMPILER_APPICON_NAME = AppIcon;
				CODE_SIGN_ENTITLEMENTS = FinalMatchClient/FinalMatchClient.entitlements;
				CURRENT_PROJECT_VERSION = 1;
				DEAD_CODE_STRIPPING = NO;
				DEVELOPMENT_TEAM = K58H99UQSN;
				INFOPLIST_FILE = FinalMatchClient/Info.plist;
				LD_RUNPATH_SEARCH_PATHS = (
					"$(inherited)",
					"@executable_path/Frameworks",
				);
				OTHER_LDFLAGS = (
					"$(inherited)",
					"-ObjC",
					"-lc++",
				);
				PRODUCT_BUNDLE_IDENTIFIER = com.FinalMatchClient;
				PRODUCT_NAME = FinalMatchClient;
				VERSIONING_SYSTEM = "apple-generic";
			};
			name = Debug;
		};
		13B07F951A680F5B00A75B9A /* Release */ = {
			isa = XCBuildConfiguration;
			baseConfigurationReference = FAFE8BB20B98B3514F35B4F0 /* Pods-FinalMatchClient.release.xcconfig */;
			buildSettings = {
				ASSETCATALOG_COMPILER_APPICON_NAME = AppIcon;
				CODE_SIGN_ENTITLEMENTS = FinalMatchClient/FinalMatchClient.entitlements;
				CURRENT_PROJECT_VERSION = 1;
				DEVELOPMENT_TEAM = K58H99UQSN;
				INFOPLIST_FILE = FinalMatchClient/Info.plist;
				LD_RUNPATH_SEARCH_PATHS = (
					"$(inherited)",
					"@executable_path/Frameworks",
				);
				OTHER_LDFLAGS = (
					"$(inherited)",
					"-ObjC",
					"-lc++",
				);
				PRODUCT_BUNDLE_IDENTIFIER = com.FinalMatchClient;
				PRODUCT_NAME = FinalMatchClient;
				VERSIONING_SYSTEM = "apple-generic";
			};
			name = Release;
		};
		83CBBA201A601CBA00E9B192 /* Debug */ = {
			isa = XCBuildConfiguration;
			buildSettings = {
				ALWAYS_SEARCH_USER_PATHS = NO;
				CLANG_CXX_LANGUAGE_STANDARD = "gnu++0x";
				CLANG_CXX_LIBRARY = "libc++";
				CLANG_ENABLE_MODULES = YES;
				CLANG_ENABLE_OBJC_ARC = YES;
				CLANG_WARN_BLOCK_CAPTURE_AUTORELEASING = YES;
				CLANG_WARN_BOOL_CONVERSION = YES;
				CLANG_WARN_COMMA = YES;
				CLANG_WARN_CONSTANT_CONVERSION = YES;
				CLANG_WARN_DEPRECATED_OBJC_IMPLEMENTATIONS = YES;
				CLANG_WARN_DIRECT_OBJC_ISA_USAGE = YES_ERROR;
				CLANG_WARN_EMPTY_BODY = YES;
				CLANG_WARN_ENUM_CONVERSION = YES;
				CLANG_WARN_INFINITE_RECURSION = YES;
				CLANG_WARN_INT_CONVERSION = YES;
				CLANG_WARN_NON_LITERAL_NULL_CONVERSION = YES;
				CLANG_WARN_OBJC_IMPLICIT_RETAIN_SELF = YES;
				CLANG_WARN_OBJC_LITERAL_CONVERSION = YES;
				CLANG_WARN_OBJC_ROOT_CLASS = YES_ERROR;
				CLANG_WARN_RANGE_LOOP_ANALYSIS = YES;
				CLANG_WARN_STRICT_PROTOTYPES = YES;
				CLANG_WARN_SUSPICIOUS_MOVE = YES;
				CLANG_WARN_UNREACHABLE_CODE = YES;
				CLANG_WARN__DUPLICATE_METHOD_MATCH = YES;
				"CODE_SIGN_IDENTITY[sdk=iphoneos*]" = "iPhone Developer";
				COPY_PHASE_STRIP = NO;
				ENABLE_STRICT_OBJC_MSGSEND = YES;
				ENABLE_TESTABILITY = YES;
				GCC_C_LANGUAGE_STANDARD = gnu99;
				GCC_DYNAMIC_NO_PIC = NO;
				GCC_NO_COMMON_BLOCKS = YES;
				GCC_OPTIMIZATION_LEVEL = 0;
				GCC_PREPROCESSOR_DEFINITIONS = (
					"DEBUG=1",
					"$(inherited)",
				);
				GCC_SYMBOLS_PRIVATE_EXTERN = NO;
				GCC_WARN_64_TO_32_BIT_CONVERSION = YES;
				GCC_WARN_ABOUT_RETURN_TYPE = YES_ERROR;
				GCC_WARN_UNDECLARED_SELECTOR = YES;
				GCC_WARN_UNINITIALIZED_AUTOS = YES_AGGRESSIVE;
				GCC_WARN_UNUSED_FUNCTION = YES;
				GCC_WARN_UNUSED_VARIABLE = YES;
				IPHONEOS_DEPLOYMENT_TARGET = 9.0;
				MTL_ENABLE_DEBUG_INFO = YES;
				ONLY_ACTIVE_ARCH = YES;
				SDKROOT = iphoneos;
			};
			name = Debug;
		};
		83CBBA211A601CBA00E9B192 /* Release */ = {
			isa = XCBuildConfiguration;
			buildSettings = {
				ALWAYS_SEARCH_USER_PATHS = NO;
				CLANG_CXX_LANGUAGE_STANDARD = "gnu++0x";
				CLANG_CXX_LIBRARY = "libc++";
				CLANG_ENABLE_MODULES = YES;
				CLANG_ENABLE_OBJC_ARC = YES;
				CLANG_WARN_BLOCK_CAPTURE_AUTORELEASING = YES;
				CLANG_WARN_BOOL_CONVERSION = YES;
				CLANG_WARN_COMMA = YES;
				CLANG_WARN_CONSTANT_CONVERSION = YES;
				CLANG_WARN_DEPRECATED_OBJC_IMPLEMENTATIONS = YES;
				CLANG_WARN_DIRECT_OBJC_ISA_USAGE = YES_ERROR;
				CLANG_WARN_EMPTY_BODY = YES;
				CLANG_WARN_ENUM_CONVERSION = YES;
				CLANG_WARN_INFINITE_RECURSION = YES;
				CLANG_WARN_INT_CONVERSION = YES;
				CLANG_WARN_NON_LITERAL_NULL_CONVERSION = YES;
				CLANG_WARN_OBJC_IMPLICIT_RETAIN_SELF = YES;
				CLANG_WARN_OBJC_LITERAL_CONVERSION = YES;
				CLANG_WARN_OBJC_ROOT_CLASS = YES_ERROR;
				CLANG_WARN_RANGE_LOOP_ANALYSIS = YES;
				CLANG_WARN_STRICT_PROTOTYPES = YES;
				CLANG_WARN_SUSPICIOUS_MOVE = YES;
				CLANG_WARN_UNREACHABLE_CODE = YES;
				CLANG_WARN__DUPLICATE_METHOD_MATCH = YES;
				"CODE_SIGN_IDENTITY[sdk=iphoneos*]" = "iPhone Developer";
				COPY_PHASE_STRIP = YES;
				ENABLE_NS_ASSERTIONS = NO;
				ENABLE_STRICT_OBJC_MSGSEND = YES;
				GCC_C_LANGUAGE_STANDARD = gnu99;
				GCC_NO_COMMON_BLOCKS = YES;
				GCC_WARN_64_TO_32_BIT_CONVERSION = YES;
				GCC_WARN_ABOUT_RETURN_TYPE = YES_ERROR;
				GCC_WARN_UNDECLARED_SELECTOR = YES;
				GCC_WARN_UNINITIALIZED_AUTOS = YES_AGGRESSIVE;
				GCC_WARN_UNUSED_FUNCTION = YES;
				GCC_WARN_UNUSED_VARIABLE = YES;
				IPHONEOS_DEPLOYMENT_TARGET = 9.0;
				MTL_ENABLE_DEBUG_INFO = NO;
				SDKROOT = iphoneos;
				VALIDATE_PRODUCT = YES;
			};
			name = Release;
		};
/* End XCBuildConfiguration section */

/* Begin XCConfigurationList section */
		13B07F931A680F5B00A75B9A /* Build configuration list for PBXNativeTarget "FinalMatchClient" */ = {
			isa = XCConfigurationList;
			buildConfigurations = (
				13B07F941A680F5B00A75B9A /* Debug */,
				13B07F951A680F5B00A75B9A /* Release */,
			);
			defaultConfigurationIsVisible = 0;
			defaultConfigurationName = Release;
		};
		83CBB9FA1A601CBA00E9B192 /* Build configuration list for PBXProject "FinalMatchClient" */ = {
			isa = XCConfigurationList;
			buildConfigurations = (
				83CBBA201A601CBA00E9B192 /* Debug */,
				83CBBA211A601CBA00E9B192 /* Release */,
			);
			defaultConfigurationIsVisible = 0;
			defaultConfigurationName = Release;
		};
/* End XCConfigurationList section */

/* Begin XCRemoteSwiftPackageReference section */
		FA2293C4247690C70019F663 /* XCRemoteSwiftPackageReference "facebook-ios-sdk" */ = {
			isa = XCRemoteSwiftPackageReference;
			repositoryURL = "https://github.com/facebook/facebook-ios-sdk";
			requirement = {
				kind = upToNextMajorVersion;
				minimumVersion = 7.0.0;
			};
		};
/* End XCRemoteSwiftPackageReference section */

/* Begin XCSwiftPackageProductDependency section */
		FA2293C5247690C70019F663 /* FacebookShare */ = {
			isa = XCSwiftPackageProductDependency;
			package = FA2293C4247690C70019F663 /* XCRemoteSwiftPackageReference "facebook-ios-sdk" */;
			productName = FacebookShare;
		};
		FA2293C7247690C70019F663 /* FacebookCore */ = {
			isa = XCSwiftPackageProductDependency;
			package = FA2293C4247690C70019F663 /* XCRemoteSwiftPackageReference "facebook-ios-sdk" */;
			productName = FacebookCore;
		};
		FA2293C9247690C70019F663 /* FacebookLogin */ = {
			isa = XCSwiftPackageProductDependency;
			package = FA2293C4247690C70019F663 /* XCRemoteSwiftPackageReference "facebook-ios-sdk" */;
			productName = FacebookLogin;
		};
/* End XCSwiftPackageProductDependency section */
	};
	rootObject = 83CBB9F71A601CBA00E9B192 /* Project object */;
}
